{
  "name": "vscode-azuretools",
  "lockfileVersion": 3,
  "requires": true,
  "packages": {
    "node_modules/tas-client": {
      "version": "0.2.33",
      "resolved": "https://registry.npmjs.org/tas-client/-/tas-client-0.2.33.tgz",
      "integrity": "sha512-V+uqV66BOQnWxvI6HjDnE4VkInmYZUQ4dgB7gzaDyFyFSK1i1nF/j7DpS9UbQAgV9NaF1XpcyuavnM1qOeiEIg=="
    },
    "node_modules/vscode-tas-client": {
      "version": "0.1.84",
      "resolved": "https://registry.npmjs.org/vscode-tas-client/-/vscode-tas-client-0.1.84.tgz",
      "integrity": "sha512-rUTrUopV+70hvx1hW5ebdw1nd6djxubkLvVxjGdyD/r5v/wcVF41LIfiAtbm5qLZDtQdsMH1IaCuDoluoIa88w==",
      "dependencies": {
        "tas-client": "0.2.33"
      },
      "engines": {
        "vscode": "^1.85.0"
      }
    }
  }
}
